// !$*UTF8*$!
{
	archiveVersion = 1;
	classes = {
	};
	objectVersion = 77;
	objects = {

/* Begin PBXBuildFile section */
		4037DA292F5423D400D07103 /* Toasts in Frameworks */ = {isa = PBXBuildFile; productRef = 4037DA282F5423D400D07103 /* Toasts */; };
		4093DB732F53D3EE00719F7E /* ManagedSettings.framework in Frameworks */ = {isa = PBXBuildFile; fileRef = 40D4924A2F52C3D600930B46 /* ManagedSettings.framework */; };
		4093DB752F53D3EE00719F7E /* ManagedSettingsUI.framework in Frameworks */ = {isa = PBXBuildFile; fileRef = 4093DB742F53D3EE00719F7E /* ManagedSettingsUI.framework */; };
		4093DB7D2F53D3EE00719F7E /* BaraShieldConfig.appex in Embed Foundation Extensions */ = {isa = PBXBuildFile; fileRef = 4093DB722F53D3EE00719F7E /* BaraShieldConfig.appex */; settings = {ATTRIBUTES = (RemoveHeadersOnCopy, ); }; };
		40C8E3F82F52C36E00F334BD /* DeviceActivity.framework in Frameworks */ = {isa = PBXBuildFile; fileRef = 40C8E3F72F52C36E00F334BD /* DeviceActivity.framework */; };
		40C8E4002F52C36E00F334BD /* BaraActivityMonitorExtension.appex in Embed Foundation Extensions */ = {isa = PBXBuildFile; fileRef = 40C8E3F52F52C36E00F334BD /* BaraActivityMonitorExtension.appex */; settings = {ATTRIBUTES = (RemoveHeadersOnCopy, ); }; };
		40D4924B2F52C3D600930B46 /* ManagedSettings.framework in Frameworks */ = {isa = PBXBuildFile; fileRef = 40D4924A2F52C3D600930B46 /* ManagedSettings.framework */; };
		40D492532F52C3D600930B46 /* BaraShieldAction.appex in Embed Foundation Extensions */ = {isa = PBXBuildFile; fileRef = 40D492492F52C3D600930B46 /* BaraShieldAction.appex */; settings = {ATTRIBUTES = (RemoveHeadersOnCopy, ); }; };
		40D492682F52C3E500930B46 /* BaraActivityReport.appex in Embed ExtensionKit Extensions */ = {isa = PBXBuildFile; fileRef = 40D4925C2F52C3E500930B46 /* BaraActivityReport.appex */; settings = {ATTRIBUTES = (RemoveHeadersOnCopy, ); }; };
		41E6F0013099000000A1B001 /* BaraWidgets.appex in Embed Foundation Extensions */ = {isa = PBXBuildFile; fileRef = 41E6F0033099000000A1B001 /* BaraWidgets.appex */; settings = {ATTRIBUTES = (RemoveHeadersOnCopy, ); }; };
/* End PBXBuildFile section */

/* Begin PBXContainerItemProxy section */
		4093DB7B2F53D3EE00719F7E /* PBXContainerItemProxy */ = {
			isa = PBXContainerItemProxy;
			containerPortal = 40C8E3BF2F52C2B500F334BD /* Project object */;
			proxyType = 1;
			remoteGlobalIDString = 4093DB712F53D3EE00719F7E;
			remoteInfo = BaraShieldConfig;
		};
		40C8E3D52F52C2B600F334BD /* PBXContainerItemProxy */ = {
			isa = PBXContainerItemProxy;
			containerPortal = 40C8E3BF2F52C2B500F334BD /* Project object */;
			proxyType = 1;
			remoteGlobalIDString = 40C8E3C62F52C2B500F334BD;
			remoteInfo = Bara;
		};
		40C8E3DF2F52C2B600F334BD /* PBXContainerItemProxy */ = {
			isa = PBXContainerItemProxy;
			containerPortal = 40C8E3BF2F52C2B500F334BD /* Project object */;
			proxyType = 1;
			remoteGlobalIDString = 40C8E3C62F52C2B500F334BD;
			remoteInfo = Bara;
		};
		40C8E3FE2F52C36E00F334BD /* PBXContainerItemProxy */ = {
			isa = PBXContainerItemProxy;
			containerPortal = 40C8E3BF2F52C2B500F334BD /* Project object */;
			proxyType = 1;
			remoteGlobalIDString = 40C8E3F42F52C36E00F334BD;
			remoteInfo = BaraActivityMonitorExtension;
		};
		40D492512F52C3D600930B46 /* PBXContainerItemProxy */ = {
			isa = PBXContainerItemProxy;
			containerPortal = 40C8E3BF2F52C2B500F334BD /* Project object */;
			proxyType = 1;
			remoteGlobalIDString = 40D492482F52C3D600930B46;
			remoteInfo = BaraShieldAction;
		};
		40D492662F52C3E500930B46 /* PBXContainerItemProxy */ = {
			isa = PBXContainerItemProxy;
			containerPortal = 40C8E3BF2F52C2B500F334BD /* Project object */;
			proxyType = 1;
			remoteGlobalIDString = 40D4925B2F52C3E500930B46;
			remoteInfo = BaraActivityReport;
		};
		41E6F0023099000000A1B001 /* PBXContainerItemProxy */ = {
			isa = PBXContainerItemProxy;
			containerPortal = 40C8E3BF2F52C2B500F334BD /* Project object */;
			proxyType = 1;
			remoteGlobalIDString = 41E6F0073099000000A1B001;
			remoteInfo = BaraWidgets;
		};
/* End PBXContainerItemProxy section */

/* Begin PBXCopyFilesBuildPhase section */
		40C8E4052F52C36E00F334BD /* Embed Foundation Extensions */ = {
			isa = PBXCopyFilesBuildPhase;
			buildActionMask = 2147483647;
			dstPath = "";
			dstSubfolderSpec = 13;
			files = (
				40C8E4002F52C36E00F334BD /* BaraActivityMonitorExtension.appex in Embed Foundation Extensions */,
				40D492532F52C3D600930B46 /* BaraShieldAction.appex in Embed Foundation Extensions */,
				4093DB7D2F53D3EE00719F7E /* BaraShieldConfig.appex in Embed Foundation Extensions */,
				41E6F0013099000000A1B001 /* BaraWidgets.appex in Embed Foundation Extensions */,
			);
			name = "Embed Foundation Extensions";
			runOnlyForDeploymentPostprocessing = 0;
		};
		40D4926D2F52C3E500930B46 /* Embed ExtensionKit Extensions */ = {
			isa = PBXCopyFilesBuildPhase;
			buildActionMask = 2147483647;
			dstPath = "$(EXTENSIONS_FOLDER_PATH)";
			dstSubfolderSpec = 16;
			files = (
				40D492682F52C3E500930B46 /* BaraActivityReport.appex in Embed ExtensionKit Extensions */,
			);
			name = "Embed ExtensionKit Extensions";
			runOnlyForDeploymentPostprocessing = 0;
		};
/* End PBXCopyFilesBuildPhase section */

/* Begin PBXFileReference section */
		4093DB722F53D3EE00719F7E /* BaraShieldConfig.appex */ = {isa = PBXFileReference; explicitFileType = "wrapper.app-extension"; includeInIndex = 0; path = BaraShieldConfig.appex; sourceTree = BUILT_PRODUCTS_DIR; };
		4093DB742F53D3EE00719F7E /* ManagedSettingsUI.framework */ = {isa = PBXFileReference; lastKnownFileType = wrapper.framework; name = ManagedSettingsUI.framework; path = System/Library/Frameworks/ManagedSettingsUI.framework; sourceTree = SDKROOT; };
		40C8E3C72F52C2B500F334BD /* Bara.app */ = {isa = PBXFileReference; explicitFileType = wrapper.application; includeInIndex = 0; path = Bara.app; sourceTree = BUILT_PRODUCTS_DIR; };
		40C8E3D42F52C2B600F334BD /* BaraTests.xctest */ = {isa = PBXFileReference; explicitFileType = wrapper.cfbundle; includeInIndex = 0; path = BaraTests.xctest; sourceTree = BUILT_PRODUCTS_DIR; };
		40C8E3DE2F52C2B600F334BD /* BaraUITests.xctest */ = {isa = PBXFileReference; explicitFileType = wrapper.cfbundle; includeInIndex = 0; path = BaraUITests.xctest; sourceTree = BUILT_PRODUCTS_DIR; };
		40C8E3F52F52C36E00F334BD /* BaraActivityMonitorExtension.appex */ = {isa = PBXFileReference; explicitFileType = "wrapper.app-extension"; includeInIndex = 0; path = BaraActivityMonitorExtension.appex; sourceTree = BUILT_PRODUCTS_DIR; };
		40C8E3F72F52C36E00F334BD /* DeviceActivity.framework */ = {isa = PBXFileReference; lastKnownFileType = wrapper.framework; name = DeviceActivity.framework; path = System/Library/Frameworks/DeviceActivity.framework; sourceTree = SDKROOT; };
		40D492492F52C3D600930B46 /* BaraShieldAction.appex */ = {isa = PBXFileReference; explicitFileType = "wrapper.app-extension"; includeInIndex = 0; path = BaraShieldAction.appex; sourceTree = BUILT_PRODUCTS_DIR; };
		40D4924A2F52C3D600930B46 /* ManagedSettings.framework */ = {isa = PBXFileReference; lastKnownFileType = wrapper.framework; name = ManagedSettings.framework; path = System/Library/Frameworks/ManagedSettings.framework; sourceTree = SDKROOT; };
		40D4925C2F52C3E500930B46 /* BaraActivityReport.appex */ = {isa = PBXFileReference; explicitFileType = "wrapper.extensionkit-extension"; includeInIndex = 0; path = BaraActivityReport.appex; sourceTree = BUILT_PRODUCTS_DIR; };
		41E6F0033099000000A1B001 /* BaraWidgets.appex */ = {isa = PBXFileReference; explicitFileType = "wrapper.app-extension"; includeInIndex = 0; path = BaraWidgets.appex; sourceTree = BUILT_PRODUCTS_DIR; };
/* End PBXFileReference section */

/* Begin PBXFileSystemSynchronizedBuildFileExceptionSet section */
		4093DB802F53D3EE00719F7E /* Exceptions for "BaraShieldConfig" folder in "BaraShieldConfig" target */ = {
			isa = PBXFileSystemSynchronizedBuildFileExceptionSet;
			membershipExceptions = (
				Info.plist,
			);
			target = 4093DB712F53D3EE00719F7E /* BaraShieldConfig */;
		};
		40C8E4012F52C36E00F334BD /* Exceptions for "BaraActivityMonitorExtension" folder in "BaraActivityMonitorExtension" target */ = {
			isa = PBXFileSystemSynchronizedBuildFileExceptionSet;
			membershipExceptions = (
				Info.plist,
			);
			target = 40C8E3F42F52C36E00F334BD /* BaraActivityMonitorExtension */;
		};
		40D492562F52C3D600930B46 /* Exceptions for "BaraShieldAction" folder in "BaraShieldAction" target */ = {
			isa = PBXFileSystemSynchronizedBuildFileExceptionSet;
			membershipExceptions = (
				Info.plist,
			);
			target = 40D492482F52C3D600930B46 /* BaraShieldAction */;
		};
		40D492692F52C3E500930B46 /* Exceptions for "BaraActivityReport" folder in "BaraActivityReport" target */ = {
			isa = PBXFileSystemSynchronizedBuildFileExceptionSet;
			membershipExceptions = (
				Info.plist,
			);
			target = 40D4925B2F52C3E500930B46 /* BaraActivityReport */;
		};
		41E6F0043099000000A1B001 /* Exceptions for "BaraWidgets" folder in "BaraWidgets" target */ = {
			isa = PBXFileSystemSynchronizedBuildFileExceptionSet;
			membershipExceptions = (
				Info.plist,
			);
			target = 41E6F0073099000000A1B001 /* BaraWidgets */;
		};
/* End PBXFileSystemSynchronizedBuildFileExceptionSet section */

/* Begin PBXFileSystemSynchronizedRootGroup section */
		4093DB762F53D3EE00719F7E /* BaraShieldConfig */ = {
			isa = PBXFileSystemSynchronizedRootGroup;
			exceptions = (
				4093DB802F53D3EE00719F7E /* Exceptions for "BaraShieldConfig" folder in "BaraShieldConfig" target */,
			);
			path = BaraShieldConfig;
			sourceTree = "<group>";
		};
		40C8E3C92F52C2B500F334BD /* Bara */ = {
			isa = PBXFileSystemSynchronizedRootGroup;
			path = Bara;
			sourceTree = "<group>";
		};
		40C8E3D72F52C2B600F334BD /* BaraTests */ = {
			isa = PBXFileSystemSynchronizedRootGroup;
			path = BaraTests;
			sourceTree = "<group>";
		};
		40C8E3E12F52C2B600F334BD /* BaraUITests */ = {
			isa = PBXFileSystemSynchronizedRootGroup;
			path = BaraUITests;
			sourceTree = "<group>";
		};
		40C8E3F92F52C36E00F334BD /* BaraActivityMonitorExtension */ = {
			isa = PBXFileSystemSynchronizedRootGroup;
			exceptions = (
				40C8E4012F52C36E00F334BD /* Exceptions for "BaraActivityMonitorExtension" folder in "BaraActivityMonitorExtension" target */,
			);
			path = BaraActivityMonitorExtension;
			sourceTree = "<group>";
		};
		40D4924C2F52C3D600930B46 /* BaraShieldAction */ = {
			isa = PBXFileSystemSynchronizedRootGroup;
			exceptions = (
				40D492562F52C3D600930B46 /* Exceptions for "BaraShieldAction" folder in "BaraShieldAction" target */,
			);
			path = BaraShieldAction;
			sourceTree = "<group>";
		};
		40D4925D2F52C3E500930B46 /* BaraActivityReport */ = {
			isa = PBXFileSystemSynchronizedRootGroup;
			exceptions = (
				40D492692F52C3E500930B46 /* Exceptions for "BaraActivityReport" folder in "BaraActivityReport" target */,
			);
			path = BaraActivityReport;
			sourceTree = "<group>";
		};
		41E6F0053099000000A1B001 /* BaraWidgets */ = {
			isa = PBXFileSystemSynchronizedRootGroup;
			exceptions = (
				41E6F0043099000000A1B001 /* Exceptions for "BaraWidgets" folder in "BaraWidgets" target */,
			);
			path = BaraWidgets;
			sourceTree = "<group>";
		};
/* End PBXFileSystemSynchronizedRootGroup section */

/* Begin PBXFrameworksBuildPhase section */
		4093DB6F2F53D3EE00719F7E /* Frameworks */ = {
			isa = PBXFrameworksBuildPhase;
			buildActionMask = 2147483647;
			files = (
				4093DB732F53D3EE00719F7E /* ManagedSettings.framework in Frameworks */,
				4093DB752F53D3EE00719F7E /* ManagedSettingsUI.framework in Frameworks */,
			);
			runOnlyForDeploymentPostprocessing = 0;
		};
		40C8E3C42F52C2B500F334BD /* Frameworks */ = {
			isa = PBXFrameworksBuildPhase;
			buildActionMask = 2147483647;
			files = (
				4037DA292F5423D400D07103 /* Toasts in Frameworks */,
			);
			runOnlyForDeploymentPostprocessing = 0;
		};
		40C8E3D12F52C2B600F334BD /* Frameworks */ = {
			isa = PBXFrameworksBuildPhase;
			buildActionMask = 2147483647;
			files = (
			);
			runOnlyForDeploymentPostprocessing = 0;
		};
		40C8E3DB2F52C2B600F334BD /* Frameworks */ = {
			isa = PBXFrameworksBuildPhase;
			buildActionMask = 2147483647;
			files = (
			);
			runOnlyForDeploymentPostprocessing = 0;
		};
		40C8E3F22F52C36E00F334BD /* Frameworks */ = {
			isa = PBXFrameworksBuildPhase;
			buildActionMask = 2147483647;
			files = (
				40C8E3F82F52C36E00F334BD /* DeviceActivity.framework in Frameworks */,
			);
			runOnlyForDeploymentPostprocessing = 0;
		};
		40D492462F52C3D600930B46 /* Frameworks */ = {
			isa = PBXFrameworksBuildPhase;
			buildActionMask = 2147483647;
			files = (
				40D4924B2F52C3D600930B46 /* ManagedSettings.framework in Frameworks */,
			);
			runOnlyForDeploymentPostprocessing = 0;
		};
		40D492592F52C3E500930B46 /* Frameworks */ = {
			isa = PBXFrameworksBuildPhase;
			buildActionMask = 2147483647;
			files = (
			);
			runOnlyForDeploymentPostprocessing = 0;
		};
		41E6F0063099000000A1B001 /* Frameworks */ = {
			isa = PBXFrameworksBuildPhase;
			buildActionMask = 2147483647;
			files = (
			);
			runOnlyForDeploymentPostprocessing = 0;
		};
/* End PBXFrameworksBuildPhase section */

/* Begin PBXGroup section */
		40C8E3BE2F52C2B500F334BD = {
			isa = PBXGroup;
			children = (
				40C8E3C92F52C2B500F334BD /* Bara */,
				40C8E3D72F52C2B600F334BD /* BaraTests */,
				40C8E3E12F52C2B600F334BD /* BaraUITests */,
				40C8E3F92F52C36E00F334BD /* BaraActivityMonitorExtension */,
				40D4924C2F52C3D600930B46 /* BaraShieldAction */,
				40D4925D2F52C3E500930B46 /* BaraActivityReport */,
				4093DB762F53D3EE00719F7E /* BaraShieldConfig */,
				41E6F0053099000000A1B001 /* BaraWidgets */,
				40C8E3F62F52C36E00F334BD /* Frameworks */,
				40C8E3C82F52C2B500F334BD /* Products */,
			);
			sourceTree = "<group>";
		};
		40C8E3C82F52C2B500F334BD /* Products */ = {
			isa = PBXGroup;
			children = (
				40C8E3C72F52C2B500F334BD /* Bara.app */,
				40C8E3D42F52C2B600F334BD /* BaraTests.xctest */,
				40C8E3DE2F52C2B600F334BD /* BaraUITests.xctest */,
				40C8E3F52F52C36E00F334BD /* BaraActivityMonitorExtension.appex */,
				40D492492F52C3D600930B46 /* BaraShieldAction.appex */,
				40D4925C2F52C3E500930B46 /* BaraActivityReport.appex */,
				4093DB722F53D3EE00719F7E /* BaraShieldConfig.appex */,
				41E6F0033099000000A1B001 /* BaraWidgets.appex */,
			);
			name = Products;
			sourceTree = "<group>";
		};
		40C8E3F62F52C36E00F334BD /* Frameworks */ = {
			isa = PBXGroup;
			children = (
				40C8E3F72F52C36E00F334BD /* DeviceActivity.framework */,
				40D4924A2F52C3D600930B46 /* ManagedSettings.framework */,
				4093DB742F53D3EE00719F7E /* ManagedSettingsUI.framework */,
			);
			name = Frameworks;
			sourceTree = "<group>";
		};
/* End PBXGroup section */

/* Begin PBXNativeTarget section */
		4093DB712F53D3EE00719F7E /* BaraShieldConfig */ = {
			isa = PBXNativeTarget;
			buildConfigurationList = 4093DB812F53D3EE00719F7E /* Build configuration list for PBXNativeTarget "BaraShieldConfig" */;
			buildPhases = (
				4093DB6E2F53D3EE00719F7E /* Sources */,
				4093DB6F2F53D3EE00719F7E /* Frameworks */,
				4093DB702F53D3EE00719F7E /* Resources */,
			);
			buildRules = (
			);
			dependencies = (
			);
			fileSystemSynchronizedGroups = (
				4093DB762F53D3EE00719F7E /* BaraShieldConfig */,
			);
			name = BaraShieldConfig;
			packageProductDependencies = (
			);
			productName = BaraShieldConfig;
			productReference = 4093DB722F53D3EE00719F7E /* BaraShieldConfig.appex */;
			productType = "com.apple.product-type.app-extension";
		};
		40C8E3C62F52C2B500F334BD /* Bara */ = {
			isa = PBXNativeTarget;
			buildConfigurationList = 40C8E3E82F52C2B600F334BD /* Build configuration list for PBXNativeTarget "Bara" */;
			buildPhases = (
				40C8E3C32F52C2B500F334BD /* Sources */,
				40C8E3C42F52C2B500F334BD /* Frameworks */,
				40C8E3C52F52C2B500F334BD /* Resources */,
				40C8E4052F52C36E00F334BD /* Embed Foundation Extensions */,
				40D4926D2F52C3E500930B46 /* Embed ExtensionKit Extensions */,
			);
			buildRules = (
			);
			dependencies = (
				40C8E3FF2F52C36E00F334BD /* PBXTargetDependency */,
				40D492522F52C3D600930B46 /* PBXTargetDependency */,
				40D492672F52C3E500930B46 /* PBXTargetDependency */,
				4093DB7C2F53D3EE00719F7E /* PBXTargetDependency */,
				41E6F00A3099000000A1B001 /* PBXTargetDependency */,
			);
			fileSystemSynchronizedGroups = (
				40C8E3C92F52C2B500F334BD /* Bara */,
			);
			name = Bara;
			packageProductDependencies = (
				4037DA282F5423D400D07103 /* Toasts */,
			);
			productName = Bara;
			productReference = 40C8E3C72F52C2B500F334BD /* Bara.app */;
			productType = "com.apple.product-type.application";
		};
		40C8E3D32F52C2B600F334BD /* BaraTests */ = {
			isa = PBXNativeTarget;
			buildConfigurationList = 40C8E3EB2F52C2B600F334BD /* Build configuration list for PBXNativeTarget "BaraTests" */;
			buildPhases = (
				40C8E3D02F52C2B600F334BD /* Sources */,
				40C8E3D12F52C2B600F334BD /* Frameworks */,
				40C8E3D22F52C2B600F334BD /* Resources */,
			);
			buildRules = (
			);
			dependencies = (
				40C8E3D62F52C2B600F334BD /* PBXTargetDependency */,
			);
			fileSystemSynchronizedGroups = (
				40C8E3D72F52C2B600F334BD /* BaraTests */,
			);
			name = BaraTests;
			packageProductDependencies = (
			);
			productName = BaraTests;
			productReference = 40C8E3D42F52C2B600F334BD /* BaraTests.xctest */;
			productType = "com.apple.product-type.bundle.unit-test";
		};
		40C8E3DD2F52C2B600F334BD /* BaraUITests */ = {
			isa = PBXNativeTarget;
			buildConfigurationList = 40C8E3EE2F52C2B600F334BD /* Build configuration list for PBXNativeTarget "BaraUITests" */;
			buildPhases = (
				40C8E3DA2F52C2B600F334BD /* Sources */,
				40C8E3DB2F52C2B600F334BD /* Frameworks */,
				40C8E3DC2F52C2B600F334BD /* Resources */,
			);
			buildRules = (
			);
			dependencies = (
				40C8E3E02F52C2B600F334BD /* PBXTargetDependency */,
			);
			fileSystemSynchronizedGroups = (
				40C8E3E12F52C2B600F334BD /* BaraUITests */,
			);
			name = BaraUITests;
			packageProductDependencies = (
			);
			productName = BaraUITests;
			productReference = 40C8E3DE2F52C2B600F334BD /* BaraUITests.xctest */;
			productType = "com.apple.product-type.bundle.ui-testing";
		};
		40C8E3F42F52C36E00F334BD /* BaraActivityMonitorExtension */ = {
			isa = PBXNativeTarget;
			buildConfigurationList = 40C8E4022F52C36E00F334BD /* Build configuration list for PBXNativeTarget "BaraActivityMonitorExtension" */;
			buildPhases = (
				40C8E3F12F52C36E00F334BD /* Sources */,
				40C8E3F22F52C36E00F334BD /* Frameworks */,
				40C8E3F32F52C36E00F334BD /* Resources */,
			);
			buildRules = (
			);
			dependencies = (
			);
			fileSystemSynchronizedGroups = (
				40C8E3F92F52C36E00F334BD /* BaraActivityMonitorExtension */,
			);
			name = BaraActivityMonitorExtension;
			packageProductDependencies = (
			);
			productName = BaraActivityMonitorExtension;
			productReference = 40C8E3F52F52C36E00F334BD /* BaraActivityMonitorExtension.appex */;
			productType = "com.apple.product-type.app-extension";
		};
		40D492482F52C3D600930B46 /* BaraShieldAction */ = {
			isa = PBXNativeTarget;
			buildConfigurationList = 40D492572F52C3D600930B46 /* Build configuration list for PBXNativeTarget "BaraShieldAction" */;
			buildPhases = (
				40D492452F52C3D600930B46 /* Sources */,
				40D492462F52C3D600930B46 /* Frameworks */,
				40D492472F52C3D600930B46 /* Resources */,
			);
			buildRules = (
			);
			dependencies = (
			);
			fileSystemSynchronizedGroups = (
				40D4924C2F52C3D600930B46 /* BaraShieldAction */,
			);
			name = BaraShieldAction;
			packageProductDependencies = (
			);
			productName = BaraShieldAction;
			productReference = 40D492492F52C3D600930B46 /* BaraShieldAction.appex */;
			productType = "com.apple.product-type.app-extension";
		};
		40D4925B2F52C3E500930B46 /* BaraActivityReport */ = {
			isa = PBXNativeTarget;
			buildConfigurationList = 40D4926A2F52C3E500930B46 /* Build configuration list for PBXNativeTarget "BaraActivityReport" */;
			buildPhases = (
				40D492582F52C3E500930B46 /* Sources */,
				40D492592F52C3E500930B46 /* Frameworks */,
				40D4925A2F52C3E500930B46 /* Resources */,
			);
			buildRules = (
			);
			dependencies = (
			);
			fileSystemSynchronizedGroups = (
				40D4925D2F52C3E500930B46 /* BaraActivityReport */,
			);
			name = BaraActivityReport;
			packageProductDependencies = (
			);
			productName = BaraActivityReport;
			productReference = 40D4925C2F52C3E500930B46 /* BaraActivityReport.appex */;
			productType = "com.apple.product-type.extensionkit-extension";
		};
		41E6F0073099000000A1B001 /* BaraWidgets */ = {
			isa = PBXNativeTarget;
			buildConfigurationList = 41E6F00D3099000000A1B001 /* Build configuration list for PBXNativeTarget "BaraWidgets" */;
			buildPhases = (
				41E6F0093099000000A1B001 /* Sources */,
				41E6F0063099000000A1B001 /* Frameworks */,
				41E6F0083099000000A1B001 /* Resources */,
			);
			buildRules = (
			);
			dependencies = (
			);
			fileSystemSynchronizedGroups = (
				41E6F0053099000000A1B001 /* BaraWidgets */,
			);
			name = BaraWidgets;
			packageProductDependencies = (
			);
			productName = BaraWidgets;
			productReference = 41E6F0033099000000A1B001 /* BaraWidgets.appex */;
			productType = "com.apple.product-type.app-extension";
		};
/* End PBXNativeTarget section */

/* Begin PBXProject section */
		40C8E3BF2F52C2B500F334BD /* Project object */ = {
			isa = PBXProject;
			attributes = {
				BuildIndependentTargetsInParallel = 1;
				LastSwiftUpdateCheck = 2620;
				LastUpgradeCheck = 2620;
				TargetAttributes = {
					4093DB712F53D3EE00719F7E = {
						CreatedOnToolsVersion = 26.2;
					};
					40C8E3C62F52C2B500F334BD = {
						CreatedOnToolsVersion = 26.2;
					};
					40C8E3D32F52C2B600F334BD = {
						CreatedOnToolsVersion = 26.2;
						TestTargetID = 40C8E3C62F52C2B500F334BD;
					};
					40C8E3DD2F52C2B600F334BD = {
						CreatedOnToolsVersion = 26.2;
						TestTargetID = 40C8E3C62F52C2B500F334BD;
					};
					40C8E3F42F52C36E00F334BD = {
						CreatedOnToolsVersion = 26.2;
					};
					40D492482F52C3D600930B46 = {
						CreatedOnToolsVersion = 26.2;
					};
					40D4925B2F52C3E500930B46 = {
						CreatedOnToolsVersion = 26.2;
					};
					41E6F0073099000000A1B001 = {
						CreatedOnToolsVersion = 26.2;
					};
				};
			};
			buildConfigurationList = 40C8E3C22F52C2B500F334BD /* Build configuration list for PBXProject "Bara" */;
			developmentRegion = en;
			hasScannedForEncodings = 0;
			knownRegions = (
				en,
				Base,
			);
			mainGroup = 40C8E3BE2F52C2B500F334BD;
			minimizedProjectReferenceProxies = 1;
			packageReferences = (
				4037DA272F5423D400D07103 /* XCRemoteSwiftPackageReference "swiftui-toasts" */,
			);
			preferredProjectObjectVersion = 77;
			productRefGroup = 40C8E3C82F52C2B500F334BD /* Products */;
			projectDirPath = "";
			projectRoot = "";
			targets = (
				40C8E3C62F52C2B500F334BD /* Bara */,
				40C8E3D32F52C2B600F334BD /* BaraTests */,
				40C8E3DD2F52C2B600F334BD /* BaraUITests */,
				40C8E3F42F52C36E00F334BD /* BaraActivityMonitorExtension */,
				40D492482F52C3D600930B46 /* BaraShieldAction */,
				40D4925B2F52C3E500930B46 /* BaraActivityReport */,
				4093DB712F53D3EE00719F7E /* BaraShieldConfig */,
				41E6F0073099000000A1B001 /* BaraWidgets */,
			);
		};
/* End PBXProject section */

/* Begin PBXResourcesBuildPhase section */
		4093DB702F53D3EE00719F7E /* Resources */ = {
			isa = PBXResourcesBuildPhase;
			buildActionMask = 2147483647;
			files = (
			);
			runOnlyForDeploymentPostprocessing = 0;
		};
		40C8E3C52F52C2B500F334BD /* Resources */ = {
			isa = PBXResourcesBuildPhase;
			buildActionMask = 2147483647;
			files = (
			);
			runOnlyForDeploymentPostprocessing = 0;
		};
		40C8E3D22F52C2B600F334BD /* Resources */ = {
			isa = PBXResourcesBuildPhase;
			buildActionMask = 2147483647;
			files = (
			);
			runOnlyForDeploymentPostprocessing = 0;
		};
		40C8E3DC2F52C2B600F334BD /* Resources */ = {
			isa = PBXResourcesBuildPhase;
			buildActionMask = 2147483647;
			files = (
			);
			runOnlyForDeploymentPostprocessing = 0;
		};
		40C8E3F32F52C36E00F334BD /* Resources */ = {
			isa = PBXResourcesBuildPhase;
			buildActionMask = 2147483647;
			files = (
			);
			runOnlyForDeploymentPostprocessing = 0;
		};
		40D492472F52C3D600930B46 /* Resources */ = {
			isa = PBXResourcesBuildPhase;
			buildActionMask = 2147483647;
			files = (
			);
			runOnlyForDeploymentPostprocessing = 0;
		};
		40D4925A2F52C3E500930B46 /* Resources */ = {
			isa = PBXResourcesBuildPhase;
			buildActionMask = 2147483647;
			files = (
			);
			runOnlyForDeploymentPostprocessing = 0;
		};
		41E6F0083099000000A1B001 /* Resources */ = {
			isa = PBXResourcesBuildPhase;
			buildActionMask = 2147483647;
			files = (
			);
			runOnlyForDeploymentPostprocessing = 0;
		};
/* End PBXResourcesBuildPhase section */

/* Begin PBXSourcesBuildPhase section */
		4093DB6E2F53D3EE00719F7E /* Sources */ = {
			isa = PBXSourcesBuildPhase;
			buildActionMask = 2147483647;
			files = (
			);
			runOnlyForDeploymentPostprocessing = 0;
		};
		40C8E3C32F52C2B500F334BD /* Sources */ = {
			isa = PBXSourcesBuildPhase;
			buildActionMask = 2147483647;
			files = (
			);
			runOnlyForDeploymentPostprocessing = 0;
		};
		40C8E3D02F52C2B600F334BD /* Sources */ = {
			isa = PBXSourcesBuildPhase;
			buildActionMask = 2147483647;
			files = (
			);
			runOnlyForDeploymentPostprocessing = 0;
		};
		40C8E3DA2F52C2B600F334BD /* Sources */ = {
			isa = PBXSourcesBuildPhase;
			buildActionMask = 2147483647;
			files = (
			);
			runOnlyForDeploymentPostprocessing = 0;
		};
		40C8E3F12F52C36E00F334BD /* Sources */ = {
			isa = PBXSourcesBuildPhase;
			buildActionMask = 2147483647;
			files = (
			);
			runOnlyForDeploymentPostprocessing = 0;
		};
		40D492452F52C3D600930B46 /* Sources */ = {
			isa = PBXSourcesBuildPhase;
			buildActionMask = 2147483647;
			files = (
			);
			runOnlyForDeploymentPostprocessing = 0;
		};
		40D492582F52C3E500930B46 /* Sources */ = {
			isa = PBXSourcesBuildPhase;
			buildActionMask = 2147483647;
			files = (
			);
			runOnlyForDeploymentPostprocessing = 0;
		};
		41E6F0093099000000A1B001 /* Sources */ = {
			isa = PBXSourcesBuildPhase;
			buildActionMask = 2147483647;
			files = (
			);
			runOnlyForDeploymentPostprocessing = 0;
		};
/* End PBXSourcesBuildPhase section */

/* Begin PBXTargetDependency section */
		4093DB7C2F53D3EE00719F7E /* PBXTargetDependency */ = {
			isa = PBXTargetDependency;
			target = 4093DB712F53D3EE00719F7E /* BaraShieldConfig */;
			targetProxy = 4093DB7B2F53D3EE00719F7E /* PBXContainerItemProxy */;
		};
		40C8E3D62F52C2B600F334BD /* PBXTargetDependency */ = {
			isa = PBXTargetDependency;
			target = 40C8E3C62F52C2B500F334BD /* Bara */;
			targetProxy = 40C8E3D52F52C2B600F334BD /* PBXContainerItemProxy */;
		};
		40C8E3E02F52C2B600F334BD /* PBXTargetDependency */ = {
			isa = PBXTargetDependency;
			target = 40C8E3C62F52C2B500F334BD /* Bara */;
			targetProxy = 40C8E3DF2F52C2B600F334BD /* PBXContainerItemProxy */;
		};
		40C8E3FF2F52C36E00F334BD /* PBXTargetDependency */ = {
			isa = PBXTargetDependency;
			target = 40C8E3F42F52C36E00F334BD /* BaraActivityMonitorExtension */;
			targetProxy = 40C8E3FE2F52C36E00F334BD /* PBXContainerItemProxy */;
		};
		40D492522F52C3D600930B46 /* PBXTargetDependency */ = {
			isa = PBXTargetDependency;
			target = 40D492482F52C3D600930B46 /* BaraShieldAction */;
			targetProxy = 40D492512F52C3D600930B46 /* PBXContainerItemProxy */;
		};
		40D492672F52C3E500930B46 /* PBXTargetDependency */ = {
			isa = PBXTargetDependency;
			target = 40D4925B2F52C3E500930B46 /* BaraActivityReport */;
			targetProxy = 40D492662F52C3E500930B46 /* PBXContainerItemProxy */;
		};
		41E6F00A3099000000A1B001 /* PBXTargetDependency */ = {
			isa = PBXTargetDependency;
			target = 41E6F0073099000000A1B001 /* BaraWidgets */;
			targetProxy = 41E6F0023099000000A1B001 /* PBXContainerItemProxy */;
		};
/* End PBXTargetDependency section */

/* Begin XCBuildConfiguration section */
		4093DB7E2F53D3EE00719F7E /* Debug */ = {
			isa = XCBuildConfiguration;
			buildSettings = {
				CODE_SIGN_ENTITLEMENTS = BaraShieldConfig/BaraShieldConfig.entitlements;
				CODE_SIGN_STYLE = Automatic;
				CURRENT_PROJECT_VERSION = 1;
				DEVELOPMENT_TEAM = FJA5DAQNYY;
				GENERATE_INFOPLIST_FILE = YES;
				INFOPLIST_FILE = BaraShieldConfig/Info.plist;
				INFOPLIST_KEY_CFBundleDisplayName = BaraShieldConfig;
				INFOPLIST_KEY_NSHumanReadableCopyright = "";
				LD_RUNPATH_SEARCH_PATHS = (
					"$(inherited)",
					"@executable_path/Frameworks",
					"@executable_path/../../Frameworks",
				);
				MARKETING_VERSION = 1.0;
				PRODUCT_BUNDLE_IDENTIFIER = tylerttrann.Bara.BaraShieldConfig;
				PRODUCT_NAME = "$(TARGET_NAME)";
				SKIP_INSTALL = YES;
				STRING_CATALOG_GENERATE_SYMBOLS = YES;
				SWIFT_APPROACHABLE_CONCURRENCY = YES;
				SWIFT_EMIT_LOC_STRINGS = YES;
				SWIFT_UPCOMING_FEATURE_MEMBER_IMPORT_VISIBILITY = YES;
				SWIFT_VERSION = 5.0;
				TARGETED_DEVICE_FAMILY = "1,2";
			};
			name = Debug;
		};
		4093DB7F2F53D3EE00719F7E /* Release */ = {
			isa = XCBuildConfiguration;
			buildSettings = {
				CODE_SIGN_ENTITLEMENTS = BaraShieldConfig/BaraShieldConfig.entitlements;
				CODE_SIGN_STYLE = Automatic;
				CURRENT_PROJECT_VERSION = 1;
				DEVELOPMENT_TEAM = FJA5DAQNYY;
				GENERATE_INFOPLIST_FILE = YES;
				INFOPLIST_FILE = BaraShieldConfig/Info.plist;
				INFOPLIST_KEY_CFBundleDisplayName = BaraShieldConfig;
				INFOPLIST_KEY_NSHumanReadableCopyright = "";
				LD_RUNPATH_SEARCH_PATHS = (
					"$(inherited)",
					"@executable_path/Frameworks",
					"@executable_path/../../Frameworks",
				);
				MARKETING_VERSION = 1.0;
				PRODUCT_BUNDLE_IDENTIFIER = tylerttrann.Bara.BaraShieldConfig;
				PRODUCT_NAME = "$(TARGET_NAME)";
				SKIP_INSTALL = YES;
				STRING_CATALOG_GENERATE_SYMBOLS = YES;
				SWIFT_APPROACHABLE_CONCURRENCY = YES;
				SWIFT_EMIT_LOC_STRINGS = YES;
				SWIFT_UPCOMING_FEATURE_MEMBER_IMPORT_VISIBILITY = YES;
				SWIFT_VERSION = 5.0;
				TARGETED_DEVICE_FAMILY = "1,2";
			};
			name = Release;
		};
		40C8E3E62F52C2B600F334BD /* Debug */ = {
			isa = XCBuildConfiguration;
			buildSettings = {
				ALWAYS_SEARCH_USER_PATHS = NO;
				ASSETCATALOG_COMPILER_GENERATE_SWIFT_ASSET_SYMBOL_EXTENSIONS = YES;
				CLANG_ANALYZER_NONNULL = YES;
				CLANG_ANALYZER_NUMBER_OBJECT_CONVERSION = YES_AGGRESSIVE;
				CLANG_CXX_LANGUAGE_STANDARD = "gnu++20";
				CLANG_ENABLE_MODULES = YES;
				CLANG_ENABLE_OBJC_ARC = YES;
				CLANG_ENABLE_OBJC_WEAK = YES;
				CLANG_WARN_BLOCK_CAPTURE_AUTORELEASING = YES;
				CLANG_WARN_BOOL_CONVERSION = YES;
				CLANG_WARN_COMMA = YES;
				CLANG_WARN_CONSTANT_CONVERSION = YES;
				CLANG_WARN_DEPRECATED_OBJC_IMPLEMENTATIONS = YES;
				CLANG_WARN_DIRECT_OBJC_ISA_USAGE = YES_ERROR;
				CLANG_WARN_DOCUMENTATION_COMMENTS = YES;
				CLANG_WARN_EMPTY_BODY = YES;
				CLANG_WARN_ENUM_CONVERSION = YES;
				CLANG_WARN_INFINITE_RECURSION = YES;
				CLANG_WARN_INT_CONVERSION = YES;
				CLANG_WARN_NON_LITERAL_NULL_CONVERSION = YES;
				CLANG_WARN_OBJC_IMPLICIT_RETAIN_SELF = YES;
				CLANG_WARN_OBJC_LITERAL_CONVERSION = YES;
				CLANG_WARN_OBJC_ROOT_CLASS = YES_ERROR;
				CLANG_WARN_QUOTED_INCLUDE_IN_FRAMEWORK_HEADER = YES;
				CLANG_WARN_RANGE_LOOP_ANALYSIS = YES;
				CLANG_WARN_STRICT_PROTOTYPES = YES;
				CLANG_WARN_SUSPICIOUS_MOVE = YES;
				CLANG_WARN_UNGUARDED_AVAILABILITY = YES_AGGRESSIVE;
				CLANG_WARN_UNREACHABLE_CODE = YES;
				CLANG_WARN__DUPLICATE_METHOD_MATCH = YES;
				COPY_PHASE_STRIP = NO;
				DEBUG_INFORMATION_FORMAT = dwarf;
				DEVELOPMENT_TEAM = FJA5DAQNYY;
				ENABLE_STRICT_OBJC_MSGSEND = YES;
				ENABLE_TESTABILITY = YES;
				ENABLE_USER_SCRIPT_SANDBOXING = YES;
				GCC_C_LANGUAGE_STANDARD = gnu17;
				GCC_DYNAMIC_NO_PIC = NO;
				GCC_NO_COMMON_BLOCKS = YES;
				GCC_OPTIMIZATION_LEVEL = 0;
				GCC_PREPROCESSOR_DEFINITIONS = (
					"DEBUG=1",
					"$(inherited)",
				);
				GCC_WARN_64_TO_32_BIT_CONVERSION = YES;
				GCC_WARN_ABOUT_RETURN_TYPE = YES_ERROR;
				GCC_WARN_UNDECLARED_SELECTOR = YES;
				GCC_WARN_UNINITIALIZED_AUTOS = YES_AGGRESSIVE;
				GCC_WARN_UNUSED_FUNCTION = YES;
				GCC_WARN_UNUSED_VARIABLE = YES;
				IPHONEOS_DEPLOYMENT_TARGET = 26.2;
				LOCALIZATION_PREFERS_STRING_CATALOGS = YES;
				MTL_ENABLE_DEBUG_INFO = INCLUDE_SOURCE;
				MTL_FAST_MATH = YES;
				ONLY_ACTIVE_ARCH = YES;
				SDKROOT = iphoneos;
				SWIFT_ACTIVE_COMPILATION_CONDITIONS = "DEBUG $(inherited)";
				SWIFT_OPTIMIZATION_LEVEL = "-Onone";
			};
			name = Debug;
		};
		40C8E3E72F52C2B600F334BD /* Release */ = {
			isa = XCBuildConfiguration;
			buildSettings = {
				ALWAYS_SEARCH_USER_PATHS = NO;
				ASSETCATALOG_COMPILER_GENERATE_SWIFT_ASSET_SYMBOL_EXTENSIONS = YES;
				CLANG_ANALYZER_NONNULL = YES;
				CLANG_ANALYZER_NUMBER_OBJECT_CONVERSION = YES_AGGRESSIVE;
				CLANG_CXX_LANGUAGE_STANDARD = "gnu++20";
				CLANG_ENABLE_MODULES = YES;
				CLANG_ENABLE_OBJC_ARC = YES;
				CLANG_ENABLE_OBJC_WEAK = YES;
				CLANG_WARN_BLOCK_CAPTURE_AUTORELEASING = YES;
				CLANG_WARN_BOOL_CONVERSION = YES;
				CLANG_WARN_COMMA = YES;
				CLANG_WARN_CONSTANT_CONVERSION = YES;
				CLANG_WARN_DEPRECATED_OBJC_IMPLEMENTATIONS = YES;
				CLANG_WARN_DIRECT_OBJC_ISA_USAGE = YES_ERROR;
				CLANG_WARN_DOCUMENTATION_COMMENTS = YES;
				CLANG_WARN_EMPTY_BODY = YES;
				CLANG_WARN_ENUM_CONVERSION = YES;
				CLANG_WARN_INFINITE_RECURSION = YES;
				CLANG_WARN_INT_CONVERSION = YES;
				CLANG_WARN_NON_LITERAL_NULL_CONVERSION = YES;
				CLANG_WARN_OBJC_IMPLICIT_RETAIN_SELF = YES;
				CLANG_WARN_OBJC_LITERAL_CONVERSION = YES;
				CLANG_WARN_OBJC_ROOT_CLASS = YES_ERROR;
				CLANG_WARN_QUOTED_INCLUDE_IN_FRAMEWORK_HEADER = YES;
				CLANG_WARN_RANGE_LOOP_ANALYSIS = YES;
				CLANG_WARN_STRICT_PROTOTYPES = YES;
				CLANG_WARN_SUSPICIOUS_MOVE = YES;
				CLANG_WARN_UNGUARDED_AVAILABILITY = YES_AGGRESSIVE;
				CLANG_WARN_UNREACHABLE_CODE = YES;
				CLANG_WARN__DUPLICATE_METHOD_MATCH = YES;
				COPY_PHASE_STRIP = NO;
				DEBUG_INFORMATION_FORMAT = "dwarf-with-dsym";
				DEVELOPMENT_TEAM = FJA5DAQNYY;
				ENABLE_NS_ASSERTIONS = NO;
				ENABLE_STRICT_OBJC_MSGSEND = YES;
				ENABLE_USER_SCRIPT_SANDBOXING = YES;
				GCC_C_LANGUAGE_STANDARD = gnu17;
				GCC_NO_COMMON_BLOCKS = YES;
				GCC_WARN_64_TO_32_BIT_CONVERSION = YES;
				GCC_WARN_ABOUT_RETURN_TYPE = YES_ERROR;
				GCC_WARN_UNDECLARED_SELECTOR = YES;
				GCC_WARN_UNINITIALIZED_AUTOS = YES_AGGRESSIVE;
				GCC_WARN_UNUSED_FUNCTION = YES;
				GCC_WARN_UNUSED_VARIABLE = YES;
				IPHONEOS_DEPLOYMENT_TARGET = 26.2;
				LOCALIZATION_PREFERS_STRING_CATALOGS = YES;
				MTL_ENABLE_DEBUG_INFO = NO;
				MTL_FAST_MATH = YES;
				SDKROOT = iphoneos;
				SWIFT_COMPILATION_MODE = wholemodule;
				VALIDATE_PRODUCT = YES;
			};
			name = Release;
		};
		40C8E3E92F52C2B600F334BD /* Debug */ = {
			isa = XCBuildConfiguration;
			buildSettings = {
				ASSETCATALOG_COMPILER_APPICON_NAME = AppIcon;
				ASSETCATALOG_COMPILER_GLOBAL_ACCENT_COLOR_NAME = AccentColor;
				CODE_SIGN_ENTITLEMENTS = Bara/Bara.entitlements;
				CODE_SIGN_STYLE = Automatic;
				CURRENT_PROJECT_VERSION = 1;
				DEVELOPMENT_TEAM = FJA5DAQNYY;
				ENABLE_PREVIEWS = YES;
				GENERATE_INFOPLIST_FILE = YES;
				INFOPLIST_KEY_UIApplicationSceneManifest_Generation = YES;
				INFOPLIST_KEY_UIApplicationSupportsIndirectInputEvents = YES;
				INFOPLIST_KEY_UILaunchScreen_Generation = YES;
				INFOPLIST_KEY_UISupportedInterfaceOrientations_iPad = "UIInterfaceOrientationPortrait UIInterfaceOrientationPortraitUpsideDown UIInterfaceOrientationLandscapeLeft UIInterfaceOrientationLandscapeRight";
				INFOPLIST_KEY_UISupportedInterfaceOrientations_iPhone = "UIInterfaceOrientationPortrait UIInterfaceOrientationLandscapeLeft UIInterfaceOrientationLandscapeRight";
				LD_RUNPATH_SEARCH_PATHS = (
					"$(inherited)",
					"@executable_path/Frameworks",
				);
				MARKETING_VERSION = 1.0;
				PRODUCT_BUNDLE_IDENTIFIER = tylerttrann.Bara;
				PRODUCT_NAME = "$(TARGET_NAME)";
				STRING_CATALOG_GENERATE_SYMBOLS = YES;
				SWIFT_APPROACHABLE_CONCURRENCY = YES;
				SWIFT_DEFAULT_ACTOR_ISOLATION = MainActor;
				SWIFT_EMIT_LOC_STRINGS = YES;
				SWIFT_UPCOMING_FEATURE_MEMBER_IMPORT_VISIBILITY = YES;
				SWIFT_VERSION = 5.0;
				TARGETED_DEVICE_FAMILY = "1,2";
			};
			name = Debug;
		};
		40C8E3EA2F52C2B600F334BD /* Release */ = {
			isa = XCBuildConfiguration;
			buildSettings = {
				ASSETCATALOG_COMPILER_APPICON_NAME = AppIcon;
				ASSETCATALOG_COMPILER_GLOBAL_ACCENT_COLOR_NAME = AccentColor;
				CODE_SIGN_ENTITLEMENTS = Bara/Bara.entitlements;
				CODE_SIGN_STYLE = Automatic;
				CURRENT_PROJECT_VERSION = 1;
				DEVELOPMENT_TEAM = FJA5DAQNYY;
				ENABLE_PREVIEWS = YES;
				GENERATE_INFOPLIST_FILE = YES;
				INFOPLIST_KEY_UIApplicationSceneManifest_Generation = YES;
				INFOPLIST_KEY_UIApplicationSupportsIndirectInputEvents = YES;
				INFOPLIST_KEY_UILaunchScreen_Generation = YES;
				INFOPLIST_KEY_UISupportedInterfaceOrientations_iPad = "UIInterfaceOrientationPortrait UIInterfaceOrientationPortraitUpsideDown UIInterfaceOrientationLandscapeLeft UIInterfaceOrientationLandscapeRight";
				INFOPLIST_KEY_UISupportedInterfaceOrientations_iPhone = "UIInterfaceOrientationPortrait UIInterfaceOrientationLandscapeLeft UIInterfaceOrientationLandscapeRight";
				LD_RUNPATH_SEARCH_PATHS = (
					"$(inherited)",
					"@executable_path/Frameworks",
				);
				MARKETING_VERSION = 1.0;
				PRODUCT_BUNDLE_IDENTIFIER = tylerttrann.Bara;
				PRODUCT_NAME = "$(TARGET_NAME)";
				STRING_CATALOG_GENERATE_SYMBOLS = YES;
				SWIFT_APPROACHABLE_CONCURRENCY = YES;
				SWIFT_DEFAULT_ACTOR_ISOLATION = MainActor;
				SWIFT_EMIT_LOC_STRINGS = YES;
				SWIFT_UPCOMING_FEATURE_MEMBER_IMPORT_VISIBILITY = YES;
				SWIFT_VERSION = 5.0;
				TARGETED_DEVICE_FAMILY = "1,2";
			};
			name = Release;
		};
		40C8E3EC2F52C2B600F334BD /* Debug */ = {
			isa = XCBuildConfiguration;
			buildSettings = {
				BUNDLE_LOADER = "$(TEST_HOST)";
				CODE_SIGN_STYLE = Automatic;
				CURRENT_PROJECT_VERSION = 1;
				DEVELOPMENT_TEAM = FJA5DAQNYY;
				GENERATE_INFOPLIST_FILE = YES;
				IPHONEOS_DEPLOYMENT_TARGET = 26.2;
				MARKETING_VERSION = 1.0;
				PRODUCT_BUNDLE_IDENTIFIER = tylerttrann.BaraTests;
				PRODUCT_NAME = "$(TARGET_NAME)";
				STRING_CATALOG_GENERATE_SYMBOLS = NO;
				SWIFT_APPROACHABLE_CONCURRENCY = YES;
				SWIFT_EMIT_LOC_STRINGS = NO;
				SWIFT_UPCOMING_FEATURE_MEMBER_IMPORT_VISIBILITY = YES;
				SWIFT_VERSION = 5.0;
				TARGETED_DEVICE_FAMILY = "1,2";
				TEST_HOST = "$(BUILT_PRODUCTS_DIR)/Bara.app/$(BUNDLE_EXECUTABLE_FOLDER_PATH)/Bara";
			};
			name = Debug;
		};
		40C8E3ED2F52C2B600F334BD /* Release */ = {
			isa = XCBuildConfiguration;
			buildSettings = {
				BUNDLE_LOADER = "$(TEST_HOST)";
				CODE_SIGN_STYLE = Automatic;
				CURRENT_PROJECT_VERSION = 1;
				DEVELOPMENT_TEAM = FJA5DAQNYY;
				GENERATE_INFOPLIST_FILE = YES;
				IPHONEOS_DEPLOYMENT_TARGET = 26.2;
				MARKETING_VERSION = 1.0;
				PRODUCT_BUNDLE_IDENTIFIER = tylerttrann.BaraTests;
				PRODUCT_NAME = "$(TARGET_NAME)";
				STRING_CATALOG_GENERATE_SYMBOLS = NO;
				SWIFT_APPROACHABLE_CONCURRENCY = YES;
				SWIFT_EMIT_LOC_STRINGS = NO;
				SWIFT_UPCOMING_FEATURE_MEMBER_IMPORT_VISIBILITY = YES;
				SWIFT_VERSION = 5.0;
				TARGETED_DEVICE_FAMILY = "1,2";
				TEST_HOST = "$(BUILT_PRODUCTS_DIR)/Bara.app/$(BUNDLE_EXECUTABLE_FOLDER_PATH)/Bara";
			};
			name = Release;
		};
		40C8E3EF2F52C2B600F334BD /* Debug */ = {
			isa = XCBuildConfiguration;
			buildSettings = {
				CODE_SIGN_STYLE = Automatic;
				CURRENT_PROJECT_VERSION = 1;
				DEVELOPMENT_TEAM = FJA5DAQNYY;
				GENERATE_INFOPLIST_FILE = YES;
				MARKETING_VERSION = 1.0;
				PRODUCT_BUNDLE_IDENTIFIER = tylerttrann.BaraUITests;
				PRODUCT_NAME = "$(TARGET_NAME)";
				STRING_CATALOG_GENERATE_SYMBOLS = NO;
				SWIFT_APPROACHABLE_CONCURRENCY = YES;
				SWIFT_EMIT_LOC_STRINGS = NO;
				SWIFT_UPCOMING_FEATURE_MEMBER_IMPORT_VISIBILITY = YES;
				SWIFT_VERSION = 5.0;
				TARGETED_DEVICE_FAMILY = "1,2";
				TEST_TARGET_NAME = Bara;
			};
			name = Debug;
		};
		40C8E3F02F52C2B600F334BD /* Release */ = {
			isa = XCBuildConfiguration;
			buildSettings = {
				CODE_SIGN_STYLE = Automatic;
				CURRENT_PROJECT_VERSION = 1;
				DEVELOPMENT_TEAM = FJA5DAQNYY;
				GENERATE_INFOPLIST_FILE = YES;
				MARKETING_VERSION = 1.0;
				PRODUCT_BUNDLE_IDENTIFIER = tylerttrann.BaraUITests;
				PRODUCT_NAME = "$(TARGET_NAME)";
				STRING_CATALOG_GENERATE_SYMBOLS = NO;
				SWIFT_APPROACHABLE_CONCURRENCY = YES;
				SWIFT_EMIT_LOC_STRINGS = NO;
				SWIFT_UPCOMING_FEATURE_MEMBER_IMPORT_VISIBILITY = YES;
				SWIFT_VERSION = 5.0;
				TARGETED_DEVICE_FAMILY = "1,2";
				TEST_TARGET_NAME = Bara;
			};
			name = Release;
		};
		40C8E4032F52C36E00F334BD /* Debug */ = {
			isa = XCBuildConfiguration;
			buildSettings = {
				CODE_SIGN_ENTITLEMENTS = BaraActivityMonitorExtension/BaraActivityMonitorExtension.entitlements;
				CODE_SIGN_STYLE = Automatic;
				CURRENT_PROJECT_VERSION = 1;
				DEVELOPMENT_TEAM = FJA5DAQNYY;
				GENERATE_INFOPLIST_FILE = YES;
				INFOPLIST_FILE = BaraActivityMonitorExtension/Info.plist;
				INFOPLIST_KEY_CFBundleDisplayName = BaraActivityMonitorExtension;
				INFOPLIST_KEY_NSHumanReadableCopyright = "";
				LD_RUNPATH_SEARCH_PATHS = (
					"$(inherited)",
					"@executable_path/Frameworks",
					"@executable_path/../../Frameworks",
				);
				MARKETING_VERSION = 1.0;
				PRODUCT_BUNDLE_IDENTIFIER = tylerttrann.Bara.BaraActivityMonitorExtension;
				PRODUCT_NAME = "$(TARGET_NAME)";
				SKIP_INSTALL = YES;
				STRING_CATALOG_GENERATE_SYMBOLS = YES;
				SUPPORTED_PLATFORMS = "iphoneos iphonesimulator";
				SUPPORTS_MACCATALYST = NO;
				SWIFT_APPROACHABLE_CONCURRENCY = YES;
				SWIFT_EMIT_LOC_STRINGS = YES;
				SWIFT_UPCOMING_FEATURE_MEMBER_IMPORT_VISIBILITY = YES;
				SWIFT_VERSION = 5.0;
				TARGETED_DEVICE_FAMILY = 1;
			};
			name = Debug;
		};
		40C8E4042F52C36E00F334BD /* Release */ = {
			isa = XCBuildConfiguration;
			buildSettings = {
				CODE_SIGN_ENTITLEMENTS = BaraActivityMonitorExtension/BaraActivityMonitorExtension.entitlements;
				CODE_SIGN_STYLE = Automatic;
				CURRENT_PROJECT_VERSION = 1;
				DEVELOPMENT_TEAM = FJA5DAQNYY;
				GENERATE_INFOPLIST_FILE = YES;
				INFOPLIST_FILE = BaraActivityMonitorExtension/Info.plist;
				INFOPLIST_KEY_CFBundleDisplayName = BaraActivityMonitorExtension;
				INFOPLIST_KEY_NSHumanReadableCopyright = "";
				LD_RUNPATH_SEARCH_PATHS = (
					"$(inherited)",
					"@executable_path/Frameworks",
					"@executable_path/../../Frameworks",
				);
				MARKETING_VERSION = 1.0;
				PRODUCT_BUNDLE_IDENTIFIER = tylerttrann.Bara.BaraActivityMonitorExtension;
				PRODUCT_NAME = "$(TARGET_NAME)";
				SKIP_INSTALL = YES;
				STRING_CATALOG_GENERATE_SYMBOLS = YES;
				SUPPORTED_PLATFORMS = "iphoneos iphonesimulator";
				SUPPORTS_MACCATALYST = NO;
				SWIFT_APPROACHABLE_CONCURRENCY = YES;
				SWIFT_EMIT_LOC_STRINGS = YES;
				SWIFT_UPCOMING_FEATURE_MEMBER_IMPORT_VISIBILITY = YES;
				SWIFT_VERSION = 5.0;
				TARGETED_DEVICE_FAMILY = 1;
			};
			name = Release;
		};
		40D492542F52C3D600930B46 /* Debug */ = {
			isa = XCBuildConfiguration;
			buildSettings = {
				CODE_SIGN_ENTITLEMENTS = BaraShieldAction/BaraShieldAction.entitlements;
				CODE_SIGN_STYLE = Automatic;
				CURRENT_PROJECT_VERSION = 1;
				DEVELOPMENT_TEAM = FJA5DAQNYY;
				GENERATE_INFOPLIST_FILE = YES;
				INFOPLIST_FILE = BaraShieldAction/Info.plist;
				INFOPLIST_KEY_CFBundleDisplayName = BaraShieldAction;
				INFOPLIST_KEY_NSHumanReadableCopyright = "";
				LD_RUNPATH_SEARCH_PATHS = (
					"$(inherited)",
					"@executable_path/Frameworks",
					"@executable_path/../../Frameworks",
				);
				MARKETING_VERSION = 1.0;
				PRODUCT_BUNDLE_IDENTIFIER = tylerttrann.Bara.BaraShieldAction;
				PRODUCT_NAME = "$(TARGET_NAME)";
				SKIP_INSTALL = YES;
				STRING_CATALOG_GENERATE_SYMBOLS = YES;
				SWIFT_APPROACHABLE_CONCURRENCY = YES;
				SWIFT_EMIT_LOC_STRINGS = YES;
				SWIFT_UPCOMING_FEATURE_MEMBER_IMPORT_VISIBILITY = YES;
				SWIFT_VERSION = 5.0;
				TARGETED_DEVICE_FAMILY = "1,2";
			};
			name = Debug;
		};
		40D492552F52C3D600930B46 /* Release */ = {
			isa = XCBuildConfiguration;
			buildSettings = {
				CODE_SIGN_ENTITLEMENTS = BaraShieldAction/BaraShieldAction.entitlements;
				CODE_SIGN_STYLE = Automatic;
				CURRENT_PROJECT_VERSION = 1;
				DEVELOPMENT_TEAM = FJA5DAQNYY;
				GENERATE_INFOPLIST_FILE = YES;
				INFOPLIST_FILE = BaraShieldAction/Info.plist;
				INFOPLIST_KEY_CFBundleDisplayName = BaraShieldAction;
				INFOPLIST_KEY_NSHumanReadableCopyright = "";
				LD_RUNPATH_SEARCH_PATHS = (
					"$(inherited)",
					"@executable_path/Frameworks",
					"@executable_path/../../Frameworks",
				);
				MARKETING_VERSION = 1.0;
				PRODUCT_BUNDLE_IDENTIFIER = tylerttrann.Bara.BaraShieldAction;
				PRODUCT_NAME = "$(TARGET_NAME)";
				SKIP_INSTALL = YES;
				STRING_CATALOG_GENERATE_SYMBOLS = YES;
				SWIFT_APPROACHABLE_CONCURRENCY = YES;
				SWIFT_EMIT_LOC_STRINGS = YES;
				SWIFT_UPCOMING_FEATURE_MEMBER_IMPORT_VISIBILITY = YES;
				SWIFT_VERSION = 5.0;
				TARGETED_DEVICE_FAMILY = "1,2";
			};
			name = Release;
		};
		40D4926B2F52C3E500930B46 /* Debug */ = {
			isa = XCBuildConfiguration;
			buildSettings = {
				CODE_SIGN_ENTITLEMENTS = BaraActivityReport/BaraActivityReport.entitlements;
				CODE_SIGN_STYLE = Automatic;
				CURRENT_PROJECT_VERSION = 1;
				DEVELOPMENT_TEAM = FJA5DAQNYY;
				GENERATE_INFOPLIST_FILE = YES;
				INFOPLIST_FILE = BaraActivityReport/Info.plist;
				INFOPLIST_KEY_CFBundleDisplayName = BaraActivityReport;
				INFOPLIST_KEY_NSHumanReadableCopyright = "";
				LD_RUNPATH_SEARCH_PATHS = (
					"$(inherited)",
					"@executable_path/Frameworks",
					"@executable_path/../../Frameworks",
				);
				MARKETING_VERSION = 1.0;
				PRODUCT_BUNDLE_IDENTIFIER = tylerttrann.Bara.BaraActivityReport;
				PRODUCT_NAME = "$(TARGET_NAME)";
				SKIP_INSTALL = YES;
				STRING_CATALOG_GENERATE_SYMBOLS = YES;
				SWIFT_APPROACHABLE_CONCURRENCY = YES;
				SWIFT_EMIT_LOC_STRINGS = YES;
				SWIFT_UPCOMING_FEATURE_MEMBER_IMPORT_VISIBILITY = YES;
				SWIFT_VERSION = 5.0;
				TARGETED_DEVICE_FAMILY = "1,2";
			};
			name = Debug;
		};
		40D4926C2F52C3E500930B46 /* Release */ = {
			isa = XCBuildConfiguration;
			buildSettings = {
				CODE_SIGN_ENTITLEMENTS = BaraActivityReport/BaraActivityReport.entitlements;
				CODE_SIGN_STYLE = Automatic;
				CURRENT_PROJECT_VERSION = 1;
				DEVELOPMENT_TEAM = FJA5DAQNYY;
				GENERATE_INFOPLIST_FILE = YES;
				INFOPLIST_FILE = BaraActivityReport/Info.plist;
				INFOPLIST_KEY_CFBundleDisplayName = BaraActivityReport;
				INFOPLIST_KEY_NSHumanReadableCopyright = "";
				LD_RUNPATH_SEARCH_PATHS = (
					"$(inherited)",
					"@executable_path/Frameworks",
					"@executable_path/../../Frameworks",
				);
				MARKETING_VERSION = 1.0;
				PRODUCT_BUNDLE_IDENTIFIER = tylerttrann.Bara.BaraActivityReport;
				PRODUCT_NAME = "$(TARGET_NAME)";
				SKIP_INSTALL = YES;
				STRING_CATALOG_GENERATE_SYMBOLS = YES;
				SWIFT_APPROACHABLE_CONCURRENCY = YES;
				SWIFT_EMIT_LOC_STRINGS = YES;
				SWIFT_UPCOMING_FEATURE_MEMBER_IMPORT_VISIBILITY = YES;
				SWIFT_VERSION = 5.0;
				TARGETED_DEVICE_FAMILY = "1,2";
			};
			name = Release;
		};
		41E6F00B3099000000A1B001 /* Debug */ = {
			isa = XCBuildConfiguration;
			buildSettings = {
				APPLICATION_EXTENSION_API_ONLY = YES;
				CODE_SIGN_ENTITLEMENTS = BaraWidgets/BaraWidgets.entitlements;
				CODE_SIGN_STYLE = Automatic;
				CURRENT_PROJECT_VERSION = 1;
				DEVELOPMENT_TEAM = FJA5DAQNYY;
				GENERATE_INFOPLIST_FILE = YES;
				INFOPLIST_FILE = BaraWidgets/Info.plist;
				INFOPLIST_KEY_CFBundleDisplayName = BaraWidgets;
				INFOPLIST_KEY_NSHumanReadableCopyright = "";
				LD_RUNPATH_SEARCH_PATHS = (
					"$(inherited)",
					"@executable_path/Frameworks",
					"@executable_path/../../Frameworks",
				);
				MARKETING_VERSION = 1.0;
				PRODUCT_BUNDLE_IDENTIFIER = tylerttrann.Bara.BaraWidgets;
				PRODUCT_NAME = "$(TARGET_NAME)";
				SKIP_INSTALL = YES;
				STRING_CATALOG_GENERATE_SYMBOLS = YES;
				SWIFT_APPROACHABLE_CONCURRENCY = YES;
				SWIFT_EMIT_LOC_STRINGS = YES;
				SWIFT_UPCOMING_FEATURE_MEMBER_IMPORT_VISIBILITY = YES;
				SWIFT_VERSION = 5.0;
				TARGETED_DEVICE_FAMILY = "1,2";
			};
			name = Debug;
		};
		41E6F00C3099000000A1B001 /* Release */ = {
			isa = XCBuildConfiguration;
			buildSettings = {
				APPLICATION_EXTENSION_API_ONLY = YES;
				CODE_SIGN_ENTITLEMENTS = BaraWidgets/BaraWidgets.entitlements;
				CODE_SIGN_STYLE = Automatic;
				CURRENT_PROJECT_VERSION = 1;
				DEVELOPMENT_TEAM = FJA5DAQNYY;
				GENERATE_INFOPLIST_FILE = YES;
				INFOPLIST_FILE = BaraWidgets/Info.plist;
				INFOPLIST_KEY_CFBundleDisplayName = BaraWidgets;
				INFOPLIST_KEY_NSHumanReadableCopyright = "";
				LD_RUNPATH_SEARCH_PATHS = (
					"$(inherited)",
					"@executable_path/Frameworks",
					"@executable_path/../../Frameworks",
				);
				MARKETING_VERSION = 1.0;
				PRODUCT_BUNDLE_IDENTIFIER = tylerttrann.Bara.BaraWidgets;
				PRODUCT_NAME = "$(TARGET_NAME)";
				SKIP_INSTALL = YES;
				STRING_CATALOG_GENERATE_SYMBOLS = YES;
				SWIFT_APPROACHABLE_CONCURRENCY = YES;
				SWIFT_EMIT_LOC_STRINGS = YES;
				SWIFT_UPCOMING_FEATURE_MEMBER_IMPORT_VISIBILITY = YES;
				SWIFT_VERSION = 5.0;
				TARGETED_DEVICE_FAMILY = "1,2";
			};
			name = Release;
		};
/* End XCBuildConfiguration section */

/* Begin XCConfigurationList section */
		4093DB812F53D3EE00719F7E /* Build configuration list for PBXNativeTarget "BaraShieldConfig" */ = {
			isa = XCConfigurationList;
			buildConfigurations = (
				4093DB7E2F53D3EE00719F7E /* Debug */,
				4093DB7F2F53D3EE00719F7E /* Release */,
			);
			defaultConfigurationIsVisible = 0;
			defaultConfigurationName = Release;
		};
		40C8E3C22F52C2B500F334BD /* Build configuration list for PBXProject "Bara" */ = {
			isa = XCConfigurationList;
			buildConfigurations = (
				40C8E3E62F52C2B600F334BD /* Debug */,
				40C8E3E72F52C2B600F334BD /* Release */,
			);
			defaultConfigurationIsVisible = 0;
			defaultConfigurationName = Release;
		};
		40C8E3E82F52C2B600F334BD /* Build configuration list for PBXNativeTarget "Bara" */ = {
			isa = XCConfigurationList;
			buildConfigurations = (
				40C8E3E92F52C2B600F334BD /* Debug */,
				40C8E3EA2F52C2B600F334BD /* Release */,
			);
			defaultConfigurationIsVisible = 0;
			defaultConfigurationName = Release;
		};
		40C8E3EB2F52C2B600F334BD /* Build configuration list for PBXNativeTarget "BaraTests" */ = {
			isa = XCConfigurationList;
			buildConfigurations = (
				40C8E3EC2F52C2B600F334BD /* Debug */,
				40C8E3ED2F52C2B600F334BD /* Release */,
			);
			defaultConfigurationIsVisible = 0;
			defaultConfigurationName = Release;
		};
		40C8E3EE2F52C2B600F334BD /* Build configuration list for PBXNativeTarget "BaraUITests" */ = {
			isa = XCConfigurationList;
			buildConfigurations = (
				40C8E3EF2F52C2B600F334BD /* Debug */,
				40C8E3F02F52C2B600F334BD /* Release */,
			);
			defaultConfigurationIsVisible = 0;
			defaultConfigurationName = Release;
		};
		40C8E4022F52C36E00F334BD /* Build configuration list for PBXNativeTarget "BaraActivityMonitorExtension" */ = {
			isa = XCConfigurationList;
			buildConfigurations = (
				40C8E4032F52C36E00F334BD /* Debug */,
				40C8E4042F52C36E00F334BD /* Release */,
			);
			defaultConfigurationIsVisible = 0;
			defaultConfigurationName = Release;
		};
		40D492572F52C3D600930B46 /* Build configuration list for PBXNativeTarget "BaraShieldAction" */ = {
			isa = XCConfigurationList;
			buildConfigurations = (
				40D492542F52C3D600930B46 /* Debug */,
				40D492552F52C3D600930B46 /* Release */,
			);
			defaultConfigurationIsVisible = 0;
			defaultConfigurationName = Release;
		};
		40D4926A2F52C3E500930B46 /* Build configuration list for PBXNativeTarget "BaraActivityReport" */ = {
			isa = XCConfigurationList;
			buildConfigurations = (
				40D4926B2F52C3E500930B46 /* Debug */,
				40D4926C2F52C3E500930B46 /* Release */,
			);
			defaultConfigurationIsVisible = 0;
			defaultConfigurationName = Release;
		};
		41E6F00D3099000000A1B001 /* Build configuration list for PBXNativeTarget "BaraWidgets" */ = {
			isa = XCConfigurationList;
			buildConfigurations = (
				41E6F00B3099000000A1B001 /* Debug */,
				41E6F00C3099000000A1B001 /* Release */,
			);
			defaultConfigurationIsVisible = 0;
			defaultConfigurationName = Release;
		};
/* End XCConfigurationList section */

/* Begin XCRemoteSwiftPackageReference section */
		4037DA272F5423D400D07103 /* XCRemoteSwiftPackageReference "swiftui-toasts" */ = {
			isa = XCRemoteSwiftPackageReference;
			repositoryURL = "https://github.com/sunghyun-k/swiftui-toasts.git";
			requirement = {
				kind = upToNextMajorVersion;
				minimumVersion = 1.1.2;
			};
		};
/* End XCRemoteSwiftPackageReference section */

/* Begin XCSwiftPackageProductDependency section */
		4037DA282F5423D400D07103 /* Toasts */ = {
			isa = XCSwiftPackageProductDependency;
			package = 4037DA272F5423D400D07103 /* XCRemoteSwiftPackageReference "swiftui-toasts" */;
			productName = Toasts;
		};
/* End XCSwiftPackageProductDependency section */
	};
	rootObject = 40C8E3BF2F52C2B500F334BD /* Project object */;
}
